
Microsoft Visual Studio Solution File, Format Version 12.00
# Visual Studio Version 17
VisualStudioVersion = 17.12.35527.113
MinimumVisualStudioVersion = 10.0.40219.1
Project("{FAE04EC0-301F-11D3-BF4B-00C04F79EFBC}") = "RemoteFactory", "RemoteFactory\RemoteFactory.csproj", "{0FDFDD27-3313-4BBC-9963-C2B55D4F356F}"
EndProject
Project("{2150E333-8FDC-42A3-9474-1A3956D46DE8}") = "Solution Items", "Solution Items", "{B78547F0-E7BA-49ED-8923-05B95784D8DF}"
	ProjectSection(SolutionItems) = preProject
		.editorconfig = .editorconfig
		Directory.Build.props = Directory.Build.props
		Directory.Packages.props = Directory.Packages.props
	EndProjectSection
EndProject
Project("{2150E333-8FDC-42A3-9474-1A3956D46DE8}") = "Tests", "Tests", "{410FE13F-D41B-4A20-B618-8DDD801E88C8}"
EndProject
Project("{FAE04EC0-301F-11D3-BF4B-00C04F79EFBC}") = "RemoteFactory.FactoryGenerator", "RemoteFactory.FactoryGenerator\RemoteFactory.FactoryGenerator.csproj", "{22D7CF99-87EF-49BB-8CE5-2AF8D5421BB7}"
EndProject
Project("{FAE04EC0-301F-11D3-BF4B-00C04F79EFBC}") = "FactoryGeneratorTests", "Tests\FactoryGeneratorTests\FactoryGeneratorTests.csproj", "{8A9673ED-2033-8C41-DC3B-98C687CA7008}"
EndProject
Project("{2150E333-8FDC-42A3-9474-1A3956D46DE8}") = "Examples", "Examples", "{02EA681E-C7D8-13C7-8484-4AC65E1B71E8}"
EndProject
Project("{FAE04EC0-301F-11D3-BF4B-00C04F79EFBC}") = "FactoryGeneratorSandbox", "Tests\FactoryGeneratorSandbox\FactoryGeneratorSandbox.csproj", "{712091A7-B06A-27C8-DE9A-9A0C6536B724}"
EndProject
Project("{2150E333-8FDC-42A3-9474-1A3956D46DE8}") = "Person", "Person", "{41CAF172-FA4E-4145-A8A6-25DBD1F6CCD7}"
EndProject
Project("{FAE04EC0-301F-11D3-BF4B-00C04F79EFBC}") = "Person.Ef", "Examples\Person\Person.Ef\Person.Ef.csproj", "{CAC9585F-1FAC-9449-4251-0C7A58D65306}"
EndProject
Project("{FAE04EC0-301F-11D3-BF4B-00C04F79EFBC}") = "Person.DomainModel", "Examples\Person\Person.DomainModel\Person.DomainModel.csproj", "{B22B8241-5CC2-57D0-0A74-F587FB86A5A9}"
EndProject
Project("{FAE04EC0-301F-11D3-BF4B-00C04F79EFBC}") = "Person.Server", "Examples\Person\Person.Server\Person.Server.csproj", "{D265CD52-7DEF-7A0F-878D-34A4313A6798}"
EndProject
Project("{FAE04EC0-301F-11D3-BF4B-00C04F79EFBC}") = "PersonApp", "Examples\Person\PersonApp\PersonApp.csproj", "{5B31C8D4-E923-433F-EE6F-40E3F16F281C}"
EndProject
Project("{FAE04EC0-301F-11D3-BF4B-00C04F79EFBC}") = "RemoteFactory.AspNet.Tests", "Tests\RemoteFactory.AspNet.Tests\RemoteFactory.AspNet.Tests.csproj", "{D68509EF-E315-ED7F-3364-D69A0BFE18CD}"
EndProject
Project("{FAE04EC0-301F-11D3-BF4B-00C04F79EFBC}") = "RemoteFactory.AspNetCore", "RemoteFactory.AspNetCore\RemoteFactory.AspNetCore.csproj", "{515552DB-4C6D-4371-A957-EFED41DC12D3}"
EndProject
Project("{FAE04EC0-301F-11D3-BF4B-00C04F79EFBC}") = "RemoteFactory.AspNetCore.Metadata", "RemoteFactory.AspNetCore.Metadata\RemoteFactory.AspNetCore.Metadata.csproj", "{3F7FE857-8025-40F9-B3DD-00008E838B84}"
EndProject
Project("{FAE04EC0-301F-11D3-BF4B-00C04F79EFBC}") = "RemoteFactory.AspNetCore.TestServer", "RemoteFactory.AspNetCore.TestServer\RemoteFactory.AspNetCore.TestServer.csproj", "{BC3A2C86-DEE5-4327-BC00-4A7E94F89676}"
EndProject
Project("{FAE04EC0-301F-11D3-BF4B-00C04F79EFBC}") = "RemoteFactory.AspNetCore.TestLibrary", "Tests\RemoteFactory.AspNetCore.TestLibrary\RemoteFactory.AspNetCore.TestLibrary.csproj", "{4C9FC073-F848-43DF-BB4C-B02FA9033C2D}"
EndProject
Global
	GlobalSection(SolutionConfigurationPlatforms) = preSolution
		Debug|Any CPU = Debug|Any CPU
		Release|Any CPU = Release|Any CPU
	EndGlobalSection
	GlobalSection(ProjectConfigurationPlatforms) = postSolution
		{0FDFDD27-3313-4BBC-9963-C2B55D4F356F}.Debug|Any CPU.ActiveCfg = Debug|Any CPU
		{0FDFDD27-3313-4BBC-9963-C2B55D4F356F}.Debug|Any CPU.Build.0 = Debug|Any CPU
		{0FDFDD27-3313-4BBC-9963-C2B55D4F356F}.Release|Any CPU.ActiveCfg = Release|Any CPU
		{0FDFDD27-3313-4BBC-9963-C2B55D4F356F}.Release|Any CPU.Build.0 = Release|Any CPU
		{22D7CF99-87EF-49BB-8CE5-2AF8D5421BB7}.Debug|Any CPU.ActiveCfg = Debug|Any CPU
		{22D7CF99-87EF-49BB-8CE5-2AF8D5421BB7}.Debug|Any CPU.Build.0 = Debug|Any CPU
		{22D7CF99-87EF-49BB-8CE5-2AF8D5421BB7}.Release|Any CPU.ActiveCfg = Release|Any CPU
		{22D7CF99-87EF-49BB-8CE5-2AF8D5421BB7}.Release|Any CPU.Build.0 = Release|Any CPU
		{8A9673ED-2033-8C41-DC3B-98C687CA7008}.Debug|Any CPU.ActiveCfg = Debug|Any CPU
		{8A9673ED-2033-8C41-DC3B-98C687CA7008}.Debug|Any CPU.Build.0 = Debug|Any CPU
		{8A9673ED-2033-8C41-DC3B-98C687CA7008}.Release|Any CPU.ActiveCfg = Release|Any CPU
		{8A9673ED-2033-8C41-DC3B-98C687CA7008}.Release|Any CPU.Build.0 = Release|Any CPU
		{712091A7-B06A-27C8-DE9A-9A0C6536B724}.Debug|Any CPU.ActiveCfg = Debug|Any CPU
		{712091A7-B06A-27C8-DE9A-9A0C6536B724}.Debug|Any CPU.Build.0 = Debug|Any CPU
		{712091A7-B06A-27C8-DE9A-9A0C6536B724}.Release|Any CPU.ActiveCfg = Release|Any CPU
		{712091A7-B06A-27C8-DE9A-9A0C6536B724}.Release|Any CPU.Build.0 = Release|Any CPU
		{CAC9585F-1FAC-9449-4251-0C7A58D65306}.Debug|Any CPU.ActiveCfg = Debug|Any CPU
		{CAC9585F-1FAC-9449-4251-0C7A58D65306}.Debug|Any CPU.Build.0 = Debug|Any CPU
		{CAC9585F-1FAC-9449-4251-0C7A58D65306}.Release|Any CPU.ActiveCfg = Release|Any CPU
		{CAC9585F-1FAC-9449-4251-0C7A58D65306}.Release|Any CPU.Build.0 = Release|Any CPU
		{B22B8241-5CC2-57D0-0A74-F587FB86A5A9}.Debug|Any CPU.ActiveCfg = Debug|Any CPU
		{B22B8241-5CC2-57D0-0A74-F587FB86A5A9}.Debug|Any CPU.Build.0 = Debug|Any CPU
		{B22B8241-5CC2-57D0-0A74-F587FB86A5A9}.Release|Any CPU.ActiveCfg = Release|Any CPU
		{B22B8241-5CC2-57D0-0A74-F587FB86A5A9}.Release|Any CPU.Build.0 = Release|Any CPU
		{D265CD52-7DEF-7A0F-878D-34A4313A6798}.Debug|Any CPU.ActiveCfg = Debug|Any CPU
		{D265CD52-7DEF-7A0F-878D-34A4313A6798}.Debug|Any CPU.Build.0 = Debug|Any CPU
		{D265CD52-7DEF-7A0F-878D-34A4313A6798}.Release|Any CPU.ActiveCfg = Release|Any CPU
		{D265CD52-7DEF-7A0F-878D-34A4313A6798}.Release|Any CPU.Build.0 = Release|Any CPU
		{5B31C8D4-E923-433F-EE6F-40E3F16F281C}.Debug|Any CPU.ActiveCfg = Debug|Any CPU
		{5B31C8D4-E923-433F-EE6F-40E3F16F281C}.Debug|Any CPU.Build.0 = Debug|Any CPU
		{5B31C8D4-E923-433F-EE6F-40E3F16F281C}.Release|Any CPU.ActiveCfg = Release|Any CPU
		{5B31C8D4-E923-433F-EE6F-40E3F16F281C}.Release|Any CPU.Build.0 = Release|Any CPU
		{D68509EF-E315-ED7F-3364-D69A0BFE18CD}.Debug|Any CPU.ActiveCfg = Debug|Any CPU
		{D68509EF-E315-ED7F-3364-D69A0BFE18CD}.Debug|Any CPU.Build.0 = Debug|Any CPU
		{D68509EF-E315-ED7F-3364-D69A0BFE18CD}.Release|Any CPU.ActiveCfg = Release|Any CPU
		{D68509EF-E315-ED7F-3364-D69A0BFE18CD}.Release|Any CPU.Build.0 = Release|Any CPU
		{515552DB-4C6D-4371-A957-EFED41DC12D3}.Debug|Any CPU.ActiveCfg = Debug|Any CPU
		{515552DB-4C6D-4371-A957-EFED41DC12D3}.Debug|Any CPU.Build.0 = Debug|Any CPU
		{515552DB-4C6D-4371-A957-EFED41DC12D3}.Release|Any CPU.ActiveCfg = Release|Any CPU
		{515552DB-4C6D-4371-A957-EFED41DC12D3}.Release|Any CPU.Build.0 = Release|Any CPU
		{3F7FE857-8025-40F9-B3DD-00008E838B84}.Debug|Any CPU.ActiveCfg = Debug|Any CPU
		{3F7FE857-8025-40F9-B3DD-00008E838B84}.Debug|Any CPU.Build.0 = Debug|Any CPU
		{3F7FE857-8025-40F9-B3DD-00008E838B84}.Release|Any CPU.ActiveCfg = Release|Any CPU
		{3F7FE857-8025-40F9-B3DD-00008E838B84}.Release|Any CPU.Build.0 = Release|Any CPU
		{BC3A2C86-DEE5-4327-BC00-4A7E94F89676}.Debug|Any CPU.ActiveCfg = Debug|Any CPU
		{BC3A2C86-DEE5-4327-BC00-4A7E94F89676}.Debug|Any CPU.Build.0 = Debug|Any CPU
		{BC3A2C86-DEE5-4327-BC00-4A7E94F89676}.Release|Any CPU.ActiveCfg = Release|Any CPU
		{BC3A2C86-DEE5-4327-BC00-4A7E94F89676}.Release|Any CPU.Build.0 = Release|Any CPU
		{4C9FC073-F848-43DF-BB4C-B02FA9033C2D}.Debug|Any CPU.ActiveCfg = Debug|Any CPU
		{4C9FC073-F848-43DF-BB4C-B02FA9033C2D}.Debug|Any CPU.Build.0 = Debug|Any CPU
		{4C9FC073-F848-43DF-BB4C-B02FA9033C2D}.Release|Any CPU.ActiveCfg = Release|Any CPU
		{4C9FC073-F848-43DF-BB4C-B02FA9033C2D}.Release|Any CPU.Build.0 = Release|Any CPU
	EndGlobalSection
	GlobalSection(SolutionProperties) = preSolution
		HideSolutionNode = FALSE
	EndGlobalSection
	GlobalSection(NestedProjects) = preSolution
		{8A9673ED-2033-8C41-DC3B-98C687CA7008} = {410FE13F-D41B-4A20-B618-8DDD801E88C8}
		{712091A7-B06A-27C8-DE9A-9A0C6536B724} = {410FE13F-D41B-4A20-B618-8DDD801E88C8}
		{41CAF172-FA4E-4145-A8A6-25DBD1F6CCD7} = {02EA681E-C7D8-13C7-8484-4AC65E1B71E8}
		{CAC9585F-1FAC-9449-4251-0C7A58D65306} = {41CAF172-FA4E-4145-A8A6-25DBD1F6CCD7}
		{B22B8241-5CC2-57D0-0A74-F587FB86A5A9} = {41CAF172-FA4E-4145-A8A6-25DBD1F6CCD7}
		{D265CD52-7DEF-7A0F-878D-34A4313A6798} = {41CAF172-FA4E-4145-A8A6-25DBD1F6CCD7}
		{5B31C8D4-E923-433F-EE6F-40E3F16F281C} = {41CAF172-FA4E-4145-A8A6-25DBD1F6CCD7}
		{D68509EF-E315-ED7F-3364-D69A0BFE18CD} = {410FE13F-D41B-4A20-B618-8DDD801E88C8}
		{BC3A2C86-DEE5-4327-BC00-4A7E94F89676} = {410FE13F-D41B-4A20-B618-8DDD801E88C8}
		{4C9FC073-F848-43DF-BB4C-B02FA9033C2D} = {410FE13F-D41B-4A20-B618-8DDD801E88C8}
	EndGlobalSection
	GlobalSection(ExtensibilityGlobals) = postSolution
		SolutionGuid = {6DBC3FBE-F0EB-451F-9D37-C97CE4DB1060}
	EndGlobalSection
EndGlobal
