
Microsoft Visual Studio Solution File, Format Version 12.00
# Visual Studio Version 18
VisualStudioVersion = 18.0.11222.15
MinimumVisualStudioVersion = 10.0.40219.1
Project("{FAE04EC0-301F-11D3-BF4B-00C04F79EFBC}") = "RemoteFactory", "RemoteFactory\RemoteFactory.csproj", "{0FDFDD27-3313-4BBC-9963-C2B55D4F356F}"
EndProject
Project("{2150E333-8FDC-42A3-9474-1A3956D46DE8}") = "Solution Items", "Solution Items", "{B78547F0-E7BA-49ED-8923-05B95784D8DF}"
	ProjectSection(SolutionItems) = preProject
		.editorconfig = .editorconfig
		..\.gitignore = ..\.gitignore
		Directory.Build.props = Directory.Build.props
		Directory.Packages.props = Directory.Packages.props
	EndProjectSection
EndProject
Project("{2150E333-8FDC-42A3-9474-1A3956D46DE8}") = "Tests", "Tests", "{410FE13F-D41B-4A20-B618-8DDD801E88C8}"
EndProject
Project("{FAE04EC0-301F-11D3-BF4B-00C04F79EFBC}") = "Generator", "Generator\Generator.csproj", "{22D7CF99-87EF-49BB-8CE5-2AF8D5421BB7}"
EndProject
Project("{2150E333-8FDC-42A3-9474-1A3956D46DE8}") = "Examples", "Examples", "{02EA681E-C7D8-13C7-8484-4AC65E1B71E8}"
EndProject
Project("{2150E333-8FDC-42A3-9474-1A3956D46DE8}") = "Person", "Person", "{41CAF172-FA4E-4145-A8A6-25DBD1F6CCD7}"
EndProject
Project("{FAE04EC0-301F-11D3-BF4B-00C04F79EFBC}") = "Person.Ef", "Examples\Person\Person.Ef\Person.Ef.csproj", "{CAC9585F-1FAC-9449-4251-0C7A58D65306}"
EndProject
Project("{FAE04EC0-301F-11D3-BF4B-00C04F79EFBC}") = "Person.DomainModel", "Examples\Person\Person.DomainModel\Person.DomainModel.csproj", "{B22B8241-5CC2-57D0-0A74-F587FB86A5A9}"
EndProject
Project("{FAE04EC0-301F-11D3-BF4B-00C04F79EFBC}") = "Person.Server", "Examples\Person\Person.Server\Person.Server.csproj", "{D265CD52-7DEF-7A0F-878D-34A4313A6798}"
EndProject
Project("{FAE04EC0-301F-11D3-BF4B-00C04F79EFBC}") = "PersonApp", "Examples\Person\PersonApp\PersonApp.csproj", "{5B31C8D4-E923-433F-EE6F-40E3F16F281C}"
EndProject
Project("{FAE04EC0-301F-11D3-BF4B-00C04F79EFBC}") = "RemoteFactory.AspNetCore", "RemoteFactory.AspNetCore\RemoteFactory.AspNetCore.csproj", "{515552DB-4C6D-4371-A957-EFED41DC12D3}"
EndProject
Project("{FAE04EC0-301F-11D3-BF4B-00C04F79EFBC}") = "RemoteFactory.AspNetCore.TestLibrary", "Tests\RemoteFactory.AspNetCore.TestLibrary\RemoteFactory.AspNetCore.TestLibrary.csproj", "{4C9FC073-F848-43DF-BB4C-B02FA9033C2D}"
EndProject
Project("{FAE04EC0-301F-11D3-BF4B-00C04F79EFBC}") = "RemoteFactory.AspNetCore.TestServer", "Tests\RemoteFactory.AspNetCore.TestServer\RemoteFactory.AspNetCore.TestServer.csproj", "{14A52C9C-0974-C959-1E77-D8B51CC6946A}"
EndProject
Project("{2150E333-8FDC-42A3-9474-1A3956D46DE8}") = "OrderEntry", "OrderEntry", "{1E26FA8F-CCCD-1AA2-6483-1D8730870DF4}"
EndProject
Project("{FAE04EC0-301F-11D3-BF4B-00C04F79EFBC}") = "OrderEntry.Ef", "Examples\OrderEntry\OrderEntry.Ef\OrderEntry.Ef.csproj", "{B165CAB2-DF23-490E-AFDE-13A2A819C71A}"
EndProject
Project("{FAE04EC0-301F-11D3-BF4B-00C04F79EFBC}") = "OrderEntry.Domain.Client", "Examples\OrderEntry\OrderEntry.Domain.Client\OrderEntry.Domain.Client.csproj", "{D16E37B8-5BC2-4ECF-8001-16D5716DA68C}"
EndProject
Project("{FAE04EC0-301F-11D3-BF4B-00C04F79EFBC}") = "OrderEntry.Domain.Server", "Examples\OrderEntry\OrderEntry.Domain.Server\OrderEntry.Domain.Server.csproj", "{0859D1DE-DAD0-49B2-A041-16735F50D41B}"
EndProject
Project("{FAE04EC0-301F-11D3-BF4B-00C04F79EFBC}") = "OrderEntry.Server", "Examples\OrderEntry\OrderEntry.Server\OrderEntry.Server.csproj", "{96A1DEA2-9659-4E74-9E07-C01B9208091E}"
EndProject
Project("{FAE04EC0-301F-11D3-BF4B-00C04F79EFBC}") = "OrderEntry.BlazorClient", "Examples\OrderEntry\OrderEntry.BlazorClient\OrderEntry.BlazorClient.csproj", "{026CE197-C26E-4018-9473-64FABDE74440}"
EndProject
Project("{2150E333-8FDC-42A3-9474-1A3956D46DE8}") = "RemoteOnlyTests", "RemoteOnlyTests", "{BDD16EED-C79B-195F-374B-2FF4FB271076}"
EndProject
Project("{FAE04EC0-301F-11D3-BF4B-00C04F79EFBC}") = "RemoteOnlyTests.Client", "Tests\RemoteOnlyTests\RemoteOnlyTests.Client\RemoteOnlyTests.Client.csproj", "{74393F0D-5AC1-48ED-9310-EB74CA6099E4}"
EndProject
Project("{FAE04EC0-301F-11D3-BF4B-00C04F79EFBC}") = "RemoteOnlyTests.Server", "Tests\RemoteOnlyTests\RemoteOnlyTests.Server\RemoteOnlyTests.Server.csproj", "{672574E7-6EFB-4A8D-B92F-ABEBD3FB34E7}"
EndProject
Project("{FAE04EC0-301F-11D3-BF4B-00C04F79EFBC}") = "RemoteOnlyTests.Integration", "Tests\RemoteOnlyTests\RemoteOnlyTests.Integration\RemoteOnlyTests.Integration.csproj", "{A8EEB5E6-B781-4D17-8A49-26355D5D14EC}"
EndProject
Project("{FAE04EC0-301F-11D3-BF4B-00C04F79EFBC}") = "RemoteFactory.UnitTests", "Tests\RemoteFactory.UnitTests\RemoteFactory.UnitTests.csproj", "{A27C64A8-0E60-41FC-878B-CBED4B2E74AC}"
EndProject
Project("{FAE04EC0-301F-11D3-BF4B-00C04F79EFBC}") = "RemoteFactory.IntegrationTests", "Tests\RemoteFactory.IntegrationTests\RemoteFactory.IntegrationTests.csproj", "{75954F5A-DCC7-43A0-8DD0-0C37DF369C10}"
EndProject
Project("{FAE04EC0-301F-11D3-BF4B-00C04F79EFBC}") = "CombinationTestGenerator", "Tests\CombinationTestGenerator\CombinationTestGenerator.csproj", "{060FCDE1-C789-414F-8647-CB5A795E19C1}"
EndProject
Global
	GlobalSection(SolutionConfigurationPlatforms) = preSolution
		Debug|Any CPU = Debug|Any CPU
		Debug|x64 = Debug|x64
		Debug|x86 = Debug|x86
		Release|Any CPU = Release|Any CPU
		Release|x64 = Release|x64
		Release|x86 = Release|x86
	EndGlobalSection
	GlobalSection(ProjectConfigurationPlatforms) = postSolution
		{0FDFDD27-3313-4BBC-9963-C2B55D4F356F}.Debug|Any CPU.ActiveCfg = Debug|Any CPU
		{0FDFDD27-3313-4BBC-9963-C2B55D4F356F}.Debug|Any CPU.Build.0 = Debug|Any CPU
		{0FDFDD27-3313-4BBC-9963-C2B55D4F356F}.Debug|x64.ActiveCfg = Debug|Any CPU
		{0FDFDD27-3313-4BBC-9963-C2B55D4F356F}.Debug|x64.Build.0 = Debug|Any CPU
		{0FDFDD27-3313-4BBC-9963-C2B55D4F356F}.Debug|x86.ActiveCfg = Debug|Any CPU
		{0FDFDD27-3313-4BBC-9963-C2B55D4F356F}.Debug|x86.Build.0 = Debug|Any CPU
		{0FDFDD27-3313-4BBC-9963-C2B55D4F356F}.Release|Any CPU.ActiveCfg = Release|Any CPU
		{0FDFDD27-3313-4BBC-9963-C2B55D4F356F}.Release|Any CPU.Build.0 = Release|Any CPU
		{0FDFDD27-3313-4BBC-9963-C2B55D4F356F}.Release|x64.ActiveCfg = Release|Any CPU
		{0FDFDD27-3313-4BBC-9963-C2B55D4F356F}.Release|x64.Build.0 = Release|Any CPU
		{0FDFDD27-3313-4BBC-9963-C2B55D4F356F}.Release|x86.ActiveCfg = Release|Any CPU
		{0FDFDD27-3313-4BBC-9963-C2B55D4F356F}.Release|x86.Build.0 = Release|Any CPU
		{22D7CF99-87EF-49BB-8CE5-2AF8D5421BB7}.Debug|Any CPU.ActiveCfg = Debug|Any CPU
		{22D7CF99-87EF-49BB-8CE5-2AF8D5421BB7}.Debug|Any CPU.Build.0 = Debug|Any CPU
		{22D7CF99-87EF-49BB-8CE5-2AF8D5421BB7}.Debug|x64.ActiveCfg = Debug|Any CPU
		{22D7CF99-87EF-49BB-8CE5-2AF8D5421BB7}.Debug|x64.Build.0 = Debug|Any CPU
		{22D7CF99-87EF-49BB-8CE5-2AF8D5421BB7}.Debug|x86.ActiveCfg = Debug|Any CPU
		{22D7CF99-87EF-49BB-8CE5-2AF8D5421BB7}.Debug|x86.Build.0 = Debug|Any CPU
		{22D7CF99-87EF-49BB-8CE5-2AF8D5421BB7}.Release|Any CPU.ActiveCfg = Release|Any CPU
		{22D7CF99-87EF-49BB-8CE5-2AF8D5421BB7}.Release|Any CPU.Build.0 = Release|Any CPU
		{22D7CF99-87EF-49BB-8CE5-2AF8D5421BB7}.Release|x64.ActiveCfg = Release|Any CPU
		{22D7CF99-87EF-49BB-8CE5-2AF8D5421BB7}.Release|x64.Build.0 = Release|Any CPU
		{22D7CF99-87EF-49BB-8CE5-2AF8D5421BB7}.Release|x86.ActiveCfg = Release|Any CPU
		{22D7CF99-87EF-49BB-8CE5-2AF8D5421BB7}.Release|x86.Build.0 = Release|Any CPU
		{CAC9585F-1FAC-9449-4251-0C7A58D65306}.Debug|Any CPU.ActiveCfg = Debug|Any CPU
		{CAC9585F-1FAC-9449-4251-0C7A58D65306}.Debug|Any CPU.Build.0 = Debug|Any CPU
		{CAC9585F-1FAC-9449-4251-0C7A58D65306}.Debug|x64.ActiveCfg = Debug|Any CPU
		{CAC9585F-1FAC-9449-4251-0C7A58D65306}.Debug|x64.Build.0 = Debug|Any CPU
		{CAC9585F-1FAC-9449-4251-0C7A58D65306}.Debug|x86.ActiveCfg = Debug|Any CPU
		{CAC9585F-1FAC-9449-4251-0C7A58D65306}.Debug|x86.Build.0 = Debug|Any CPU
		{CAC9585F-1FAC-9449-4251-0C7A58D65306}.Release|Any CPU.ActiveCfg = Release|Any CPU
		{CAC9585F-1FAC-9449-4251-0C7A58D65306}.Release|Any CPU.Build.0 = Release|Any CPU
		{CAC9585F-1FAC-9449-4251-0C7A58D65306}.Release|x64.ActiveCfg = Release|Any CPU
		{CAC9585F-1FAC-9449-4251-0C7A58D65306}.Release|x64.Build.0 = Release|Any CPU
		{CAC9585F-1FAC-9449-4251-0C7A58D65306}.Release|x86.ActiveCfg = Release|Any CPU
		{CAC9585F-1FAC-9449-4251-0C7A58D65306}.Release|x86.Build.0 = Release|Any CPU
		{B22B8241-5CC2-57D0-0A74-F587FB86A5A9}.Debug|Any CPU.ActiveCfg = Debug|Any CPU
		{B22B8241-5CC2-57D0-0A74-F587FB86A5A9}.Debug|Any CPU.Build.0 = Debug|Any CPU
		{B22B8241-5CC2-57D0-0A74-F587FB86A5A9}.Debug|x64.ActiveCfg = Debug|Any CPU
		{B22B8241-5CC2-57D0-0A74-F587FB86A5A9}.Debug|x64.Build.0 = Debug|Any CPU
		{B22B8241-5CC2-57D0-0A74-F587FB86A5A9}.Debug|x86.ActiveCfg = Debug|Any CPU
		{B22B8241-5CC2-57D0-0A74-F587FB86A5A9}.Debug|x86.Build.0 = Debug|Any CPU
		{B22B8241-5CC2-57D0-0A74-F587FB86A5A9}.Release|Any CPU.ActiveCfg = Release|Any CPU
		{B22B8241-5CC2-57D0-0A74-F587FB86A5A9}.Release|Any CPU.Build.0 = Release|Any CPU
		{B22B8241-5CC2-57D0-0A74-F587FB86A5A9}.Release|x64.ActiveCfg = Release|Any CPU
		{B22B8241-5CC2-57D0-0A74-F587FB86A5A9}.Release|x64.Build.0 = Release|Any CPU
		{B22B8241-5CC2-57D0-0A74-F587FB86A5A9}.Release|x86.ActiveCfg = Release|Any CPU
		{B22B8241-5CC2-57D0-0A74-F587FB86A5A9}.Release|x86.Build.0 = Release|Any CPU
		{D265CD52-7DEF-7A0F-878D-34A4313A6798}.Debug|Any CPU.ActiveCfg = Debug|Any CPU
		{D265CD52-7DEF-7A0F-878D-34A4313A6798}.Debug|Any CPU.Build.0 = Debug|Any CPU
		{D265CD52-7DEF-7A0F-878D-34A4313A6798}.Debug|x64.ActiveCfg = Debug|Any CPU
		{D265CD52-7DEF-7A0F-878D-34A4313A6798}.Debug|x64.Build.0 = Debug|Any CPU
		{D265CD52-7DEF-7A0F-878D-34A4313A6798}.Debug|x86.ActiveCfg = Debug|Any CPU
		{D265CD52-7DEF-7A0F-878D-34A4313A6798}.Debug|x86.Build.0 = Debug|Any CPU
		{D265CD52-7DEF-7A0F-878D-34A4313A6798}.Release|Any CPU.ActiveCfg = Release|Any CPU
		{D265CD52-7DEF-7A0F-878D-34A4313A6798}.Release|Any CPU.Build.0 = Release|Any CPU
		{D265CD52-7DEF-7A0F-878D-34A4313A6798}.Release|x64.ActiveCfg = Release|Any CPU
		{D265CD52-7DEF-7A0F-878D-34A4313A6798}.Release|x64.Build.0 = Release|Any CPU
		{D265CD52-7DEF-7A0F-878D-34A4313A6798}.Release|x86.ActiveCfg = Release|Any CPU
		{D265CD52-7DEF-7A0F-878D-34A4313A6798}.Release|x86.Build.0 = Release|Any CPU
		{5B31C8D4-E923-433F-EE6F-40E3F16F281C}.Debug|Any CPU.ActiveCfg = Debug|Any CPU
		{5B31C8D4-E923-433F-EE6F-40E3F16F281C}.Debug|Any CPU.Build.0 = Debug|Any CPU
		{5B31C8D4-E923-433F-EE6F-40E3F16F281C}.Debug|x64.ActiveCfg = Debug|Any CPU
		{5B31C8D4-E923-433F-EE6F-40E3F16F281C}.Debug|x64.Build.0 = Debug|Any CPU
		{5B31C8D4-E923-433F-EE6F-40E3F16F281C}.Debug|x86.ActiveCfg = Debug|Any CPU
		{5B31C8D4-E923-433F-EE6F-40E3F16F281C}.Debug|x86.Build.0 = Debug|Any CPU
		{5B31C8D4-E923-433F-EE6F-40E3F16F281C}.Release|Any CPU.ActiveCfg = Release|Any CPU
		{5B31C8D4-E923-433F-EE6F-40E3F16F281C}.Release|Any CPU.Build.0 = Release|Any CPU
		{5B31C8D4-E923-433F-EE6F-40E3F16F281C}.Release|x64.ActiveCfg = Release|Any CPU
		{5B31C8D4-E923-433F-EE6F-40E3F16F281C}.Release|x64.Build.0 = Release|Any CPU
		{5B31C8D4-E923-433F-EE6F-40E3F16F281C}.Release|x86.ActiveCfg = Release|Any CPU
		{5B31C8D4-E923-433F-EE6F-40E3F16F281C}.Release|x86.Build.0 = Release|Any CPU
		{515552DB-4C6D-4371-A957-EFED41DC12D3}.Debug|Any CPU.ActiveCfg = Debug|Any CPU
		{515552DB-4C6D-4371-A957-EFED41DC12D3}.Debug|Any CPU.Build.0 = Debug|Any CPU
		{515552DB-4C6D-4371-A957-EFED41DC12D3}.Debug|x64.ActiveCfg = Debug|Any CPU
		{515552DB-4C6D-4371-A957-EFED41DC12D3}.Debug|x64.Build.0 = Debug|Any CPU
		{515552DB-4C6D-4371-A957-EFED41DC12D3}.Debug|x86.ActiveCfg = Debug|Any CPU
		{515552DB-4C6D-4371-A957-EFED41DC12D3}.Debug|x86.Build.0 = Debug|Any CPU
		{515552DB-4C6D-4371-A957-EFED41DC12D3}.Release|Any CPU.ActiveCfg = Release|Any CPU
		{515552DB-4C6D-4371-A957-EFED41DC12D3}.Release|Any CPU.Build.0 = Release|Any CPU
		{515552DB-4C6D-4371-A957-EFED41DC12D3}.Release|x64.ActiveCfg = Release|Any CPU
		{515552DB-4C6D-4371-A957-EFED41DC12D3}.Release|x64.Build.0 = Release|Any CPU
		{515552DB-4C6D-4371-A957-EFED41DC12D3}.Release|x86.ActiveCfg = Release|Any CPU
		{515552DB-4C6D-4371-A957-EFED41DC12D3}.Release|x86.Build.0 = Release|Any CPU
		{4C9FC073-F848-43DF-BB4C-B02FA9033C2D}.Debug|Any CPU.ActiveCfg = Debug|Any CPU
		{4C9FC073-F848-43DF-BB4C-B02FA9033C2D}.Debug|Any CPU.Build.0 = Debug|Any CPU
		{4C9FC073-F848-43DF-BB4C-B02FA9033C2D}.Debug|x64.ActiveCfg = Debug|Any CPU
		{4C9FC073-F848-43DF-BB4C-B02FA9033C2D}.Debug|x64.Build.0 = Debug|Any CPU
		{4C9FC073-F848-43DF-BB4C-B02FA9033C2D}.Debug|x86.ActiveCfg = Debug|Any CPU
		{4C9FC073-F848-43DF-BB4C-B02FA9033C2D}.Debug|x86.Build.0 = Debug|Any CPU
		{4C9FC073-F848-43DF-BB4C-B02FA9033C2D}.Release|Any CPU.ActiveCfg = Release|Any CPU
		{4C9FC073-F848-43DF-BB4C-B02FA9033C2D}.Release|Any CPU.Build.0 = Release|Any CPU
		{4C9FC073-F848-43DF-BB4C-B02FA9033C2D}.Release|x64.ActiveCfg = Release|Any CPU
		{4C9FC073-F848-43DF-BB4C-B02FA9033C2D}.Release|x64.Build.0 = Release|Any CPU
		{4C9FC073-F848-43DF-BB4C-B02FA9033C2D}.Release|x86.ActiveCfg = Release|Any CPU
		{4C9FC073-F848-43DF-BB4C-B02FA9033C2D}.Release|x86.Build.0 = Release|Any CPU
		{14A52C9C-0974-C959-1E77-D8B51CC6946A}.Debug|Any CPU.ActiveCfg = Debug|Any CPU
		{14A52C9C-0974-C959-1E77-D8B51CC6946A}.Debug|Any CPU.Build.0 = Debug|Any CPU
		{14A52C9C-0974-C959-1E77-D8B51CC6946A}.Debug|x64.ActiveCfg = Debug|Any CPU
		{14A52C9C-0974-C959-1E77-D8B51CC6946A}.Debug|x64.Build.0 = Debug|Any CPU
		{14A52C9C-0974-C959-1E77-D8B51CC6946A}.Debug|x86.ActiveCfg = Debug|Any CPU
		{14A52C9C-0974-C959-1E77-D8B51CC6946A}.Debug|x86.Build.0 = Debug|Any CPU
		{14A52C9C-0974-C959-1E77-D8B51CC6946A}.Release|Any CPU.ActiveCfg = Release|Any CPU
		{14A52C9C-0974-C959-1E77-D8B51CC6946A}.Release|Any CPU.Build.0 = Release|Any CPU
		{14A52C9C-0974-C959-1E77-D8B51CC6946A}.Release|x64.ActiveCfg = Release|Any CPU
		{14A52C9C-0974-C959-1E77-D8B51CC6946A}.Release|x64.Build.0 = Release|Any CPU
		{14A52C9C-0974-C959-1E77-D8B51CC6946A}.Release|x86.ActiveCfg = Release|Any CPU
		{14A52C9C-0974-C959-1E77-D8B51CC6946A}.Release|x86.Build.0 = Release|Any CPU
		{B165CAB2-DF23-490E-AFDE-13A2A819C71A}.Debug|Any CPU.ActiveCfg = Debug|Any CPU
		{B165CAB2-DF23-490E-AFDE-13A2A819C71A}.Debug|Any CPU.Build.0 = Debug|Any CPU
		{B165CAB2-DF23-490E-AFDE-13A2A819C71A}.Debug|x64.ActiveCfg = Debug|Any CPU
		{B165CAB2-DF23-490E-AFDE-13A2A819C71A}.Debug|x64.Build.0 = Debug|Any CPU
		{B165CAB2-DF23-490E-AFDE-13A2A819C71A}.Debug|x86.ActiveCfg = Debug|Any CPU
		{B165CAB2-DF23-490E-AFDE-13A2A819C71A}.Debug|x86.Build.0 = Debug|Any CPU
		{B165CAB2-DF23-490E-AFDE-13A2A819C71A}.Release|Any CPU.ActiveCfg = Release|Any CPU
		{B165CAB2-DF23-490E-AFDE-13A2A819C71A}.Release|Any CPU.Build.0 = Release|Any CPU
		{B165CAB2-DF23-490E-AFDE-13A2A819C71A}.Release|x64.ActiveCfg = Release|Any CPU
		{B165CAB2-DF23-490E-AFDE-13A2A819C71A}.Release|x64.Build.0 = Release|Any CPU
		{B165CAB2-DF23-490E-AFDE-13A2A819C71A}.Release|x86.ActiveCfg = Release|Any CPU
		{B165CAB2-DF23-490E-AFDE-13A2A819C71A}.Release|x86.Build.0 = Release|Any CPU
		{D16E37B8-5BC2-4ECF-8001-16D5716DA68C}.Debug|Any CPU.ActiveCfg = Debug|Any CPU
		{D16E37B8-5BC2-4ECF-8001-16D5716DA68C}.Debug|Any CPU.Build.0 = Debug|Any CPU
		{D16E37B8-5BC2-4ECF-8001-16D5716DA68C}.Debug|x64.ActiveCfg = Debug|Any CPU
		{D16E37B8-5BC2-4ECF-8001-16D5716DA68C}.Debug|x64.Build.0 = Debug|Any CPU
		{D16E37B8-5BC2-4ECF-8001-16D5716DA68C}.Debug|x86.ActiveCfg = Debug|Any CPU
		{D16E37B8-5BC2-4ECF-8001-16D5716DA68C}.Debug|x86.Build.0 = Debug|Any CPU
		{D16E37B8-5BC2-4ECF-8001-16D5716DA68C}.Release|Any CPU.ActiveCfg = Release|Any CPU
		{D16E37B8-5BC2-4ECF-8001-16D5716DA68C}.Release|Any CPU.Build.0 = Release|Any CPU
		{D16E37B8-5BC2-4ECF-8001-16D5716DA68C}.Release|x64.ActiveCfg = Release|Any CPU
		{D16E37B8-5BC2-4ECF-8001-16D5716DA68C}.Release|x64.Build.0 = Release|Any CPU
		{D16E37B8-5BC2-4ECF-8001-16D5716DA68C}.Release|x86.ActiveCfg = Release|Any CPU
		{D16E37B8-5BC2-4ECF-8001-16D5716DA68C}.Release|x86.Build.0 = Release|Any CPU
		{0859D1DE-DAD0-49B2-A041-16735F50D41B}.Debug|Any CPU.ActiveCfg = Debug|Any CPU
		{0859D1DE-DAD0-49B2-A041-16735F50D41B}.Debug|Any CPU.Build.0 = Debug|Any CPU
		{0859D1DE-DAD0-49B2-A041-16735F50D41B}.Debug|x64.ActiveCfg = Debug|Any CPU
		{0859D1DE-DAD0-49B2-A041-16735F50D41B}.Debug|x64.Build.0 = Debug|Any CPU
		{0859D1DE-DAD0-49B2-A041-16735F50D41B}.Debug|x86.ActiveCfg = Debug|Any CPU
		{0859D1DE-DAD0-49B2-A041-16735F50D41B}.Debug|x86.Build.0 = Debug|Any CPU
		{0859D1DE-DAD0-49B2-A041-16735F50D41B}.Release|Any CPU.ActiveCfg = Release|Any CPU
		{0859D1DE-DAD0-49B2-A041-16735F50D41B}.Release|Any CPU.Build.0 = Release|Any CPU
		{0859D1DE-DAD0-49B2-A041-16735F50D41B}.Release|x64.ActiveCfg = Release|Any CPU
		{0859D1DE-DAD0-49B2-A041-16735F50D41B}.Release|x64.Build.0 = Release|Any CPU
		{0859D1DE-DAD0-49B2-A041-16735F50D41B}.Release|x86.ActiveCfg = Release|Any CPU
		{0859D1DE-DAD0-49B2-A041-16735F50D41B}.Release|x86.Build.0 = Release|Any CPU
		{96A1DEA2-9659-4E74-9E07-C01B9208091E}.Debug|Any CPU.ActiveCfg = Debug|Any CPU
		{96A1DEA2-9659-4E74-9E07-C01B9208091E}.Debug|Any CPU.Build.0 = Debug|Any CPU
		{96A1DEA2-9659-4E74-9E07-C01B9208091E}.Debug|x64.ActiveCfg = Debug|Any CPU
		{96A1DEA2-9659-4E74-9E07-C01B9208091E}.Debug|x64.Build.0 = Debug|Any CPU
		{96A1DEA2-9659-4E74-9E07-C01B9208091E}.Debug|x86.ActiveCfg = Debug|Any CPU
		{96A1DEA2-9659-4E74-9E07-C01B9208091E}.Debug|x86.Build.0 = Debug|Any CPU
		{96A1DEA2-9659-4E74-9E07-C01B9208091E}.Release|Any CPU.ActiveCfg = Release|Any CPU
		{96A1DEA2-9659-4E74-9E07-C01B9208091E}.Release|Any CPU.Build.0 = Release|Any CPU
		{96A1DEA2-9659-4E74-9E07-C01B9208091E}.Release|x64.ActiveCfg = Release|Any CPU
		{96A1DEA2-9659-4E74-9E07-C01B9208091E}.Release|x64.Build.0 = Release|Any CPU
		{96A1DEA2-9659-4E74-9E07-C01B9208091E}.Release|x86.ActiveCfg = Release|Any CPU
		{96A1DEA2-9659-4E74-9E07-C01B9208091E}.Release|x86.Build.0 = Release|Any CPU
		{026CE197-C26E-4018-9473-64FABDE74440}.Debug|Any CPU.ActiveCfg = Debug|Any CPU
		{026CE197-C26E-4018-9473-64FABDE74440}.Debug|Any CPU.Build.0 = Debug|Any CPU
		{026CE197-C26E-4018-9473-64FABDE74440}.Debug|x64.ActiveCfg = Debug|Any CPU
		{026CE197-C26E-4018-9473-64FABDE74440}.Debug|x64.Build.0 = Debug|Any CPU
		{026CE197-C26E-4018-9473-64FABDE74440}.Debug|x86.ActiveCfg = Debug|Any CPU
		{026CE197-C26E-4018-9473-64FABDE74440}.Debug|x86.Build.0 = Debug|Any CPU
		{026CE197-C26E-4018-9473-64FABDE74440}.Release|Any CPU.ActiveCfg = Release|Any CPU
		{026CE197-C26E-4018-9473-64FABDE74440}.Release|Any CPU.Build.0 = Release|Any CPU
		{026CE197-C26E-4018-9473-64FABDE74440}.Release|x64.ActiveCfg = Release|Any CPU
		{026CE197-C26E-4018-9473-64FABDE74440}.Release|x64.Build.0 = Release|Any CPU
		{026CE197-C26E-4018-9473-64FABDE74440}.Release|x86.ActiveCfg = Release|Any CPU
		{026CE197-C26E-4018-9473-64FABDE74440}.Release|x86.Build.0 = Release|Any CPU
		{74393F0D-5AC1-48ED-9310-EB74CA6099E4}.Debug|Any CPU.ActiveCfg = Debug|Any CPU
		{74393F0D-5AC1-48ED-9310-EB74CA6099E4}.Debug|Any CPU.Build.0 = Debug|Any CPU
		{74393F0D-5AC1-48ED-9310-EB74CA6099E4}.Debug|x64.ActiveCfg = Debug|Any CPU
		{74393F0D-5AC1-48ED-9310-EB74CA6099E4}.Debug|x64.Build.0 = Debug|Any CPU
		{74393F0D-5AC1-48ED-9310-EB74CA6099E4}.Debug|x86.ActiveCfg = Debug|Any CPU
		{74393F0D-5AC1-48ED-9310-EB74CA6099E4}.Debug|x86.Build.0 = Debug|Any CPU
		{74393F0D-5AC1-48ED-9310-EB74CA6099E4}.Release|Any CPU.ActiveCfg = Release|Any CPU
		{74393F0D-5AC1-48ED-9310-EB74CA6099E4}.Release|Any CPU.Build.0 = Release|Any CPU
		{74393F0D-5AC1-48ED-9310-EB74CA6099E4}.Release|x64.ActiveCfg = Release|Any CPU
		{74393F0D-5AC1-48ED-9310-EB74CA6099E4}.Release|x64.Build.0 = Release|Any CPU
		{74393F0D-5AC1-48ED-9310-EB74CA6099E4}.Release|x86.ActiveCfg = Release|Any CPU
		{74393F0D-5AC1-48ED-9310-EB74CA6099E4}.Release|x86.Build.0 = Release|Any CPU
		{672574E7-6EFB-4A8D-B92F-ABEBD3FB34E7}.Debug|Any CPU.ActiveCfg = Debug|Any CPU
		{672574E7-6EFB-4A8D-B92F-ABEBD3FB34E7}.Debug|Any CPU.Build.0 = Debug|Any CPU
		{672574E7-6EFB-4A8D-B92F-ABEBD3FB34E7}.Debug|x64.ActiveCfg = Debug|Any CPU
		{672574E7-6EFB-4A8D-B92F-ABEBD3FB34E7}.Debug|x64.Build.0 = Debug|Any CPU
		{672574E7-6EFB-4A8D-B92F-ABEBD3FB34E7}.Debug|x86.ActiveCfg = Debug|Any CPU
		{672574E7-6EFB-4A8D-B92F-ABEBD3FB34E7}.Debug|x86.Build.0 = Debug|Any CPU
		{672574E7-6EFB-4A8D-B92F-ABEBD3FB34E7}.Release|Any CPU.ActiveCfg = Release|Any CPU
		{672574E7-6EFB-4A8D-B92F-ABEBD3FB34E7}.Release|Any CPU.Build.0 = Release|Any CPU
		{672574E7-6EFB-4A8D-B92F-ABEBD3FB34E7}.Release|x64.ActiveCfg = Release|Any CPU
		{672574E7-6EFB-4A8D-B92F-ABEBD3FB34E7}.Release|x64.Build.0 = Release|Any CPU
		{672574E7-6EFB-4A8D-B92F-ABEBD3FB34E7}.Release|x86.ActiveCfg = Release|Any CPU
		{672574E7-6EFB-4A8D-B92F-ABEBD3FB34E7}.Release|x86.Build.0 = Release|Any CPU
		{A8EEB5E6-B781-4D17-8A49-26355D5D14EC}.Debug|Any CPU.ActiveCfg = Debug|Any CPU
		{A8EEB5E6-B781-4D17-8A49-26355D5D14EC}.Debug|Any CPU.Build.0 = Debug|Any CPU
		{A8EEB5E6-B781-4D17-8A49-26355D5D14EC}.Debug|x64.ActiveCfg = Debug|Any CPU
		{A8EEB5E6-B781-4D17-8A49-26355D5D14EC}.Debug|x64.Build.0 = Debug|Any CPU
		{A8EEB5E6-B781-4D17-8A49-26355D5D14EC}.Debug|x86.ActiveCfg = Debug|Any CPU
		{A8EEB5E6-B781-4D17-8A49-26355D5D14EC}.Debug|x86.Build.0 = Debug|Any CPU
		{A8EEB5E6-B781-4D17-8A49-26355D5D14EC}.Release|Any CPU.ActiveCfg = Release|Any CPU
		{A8EEB5E6-B781-4D17-8A49-26355D5D14EC}.Release|Any CPU.Build.0 = Release|Any CPU
		{A8EEB5E6-B781-4D17-8A49-26355D5D14EC}.Release|x64.ActiveCfg = Release|Any CPU
		{A8EEB5E6-B781-4D17-8A49-26355D5D14EC}.Release|x64.Build.0 = Release|Any CPU
		{A8EEB5E6-B781-4D17-8A49-26355D5D14EC}.Release|x86.ActiveCfg = Release|Any CPU
		{A8EEB5E6-B781-4D17-8A49-26355D5D14EC}.Release|x86.Build.0 = Release|Any CPU
		{A27C64A8-0E60-41FC-878B-CBED4B2E74AC}.Debug|Any CPU.ActiveCfg = Debug|Any CPU
		{A27C64A8-0E60-41FC-878B-CBED4B2E74AC}.Debug|Any CPU.Build.0 = Debug|Any CPU
		{A27C64A8-0E60-41FC-878B-CBED4B2E74AC}.Debug|x64.ActiveCfg = Debug|Any CPU
		{A27C64A8-0E60-41FC-878B-CBED4B2E74AC}.Debug|x64.Build.0 = Debug|Any CPU
		{A27C64A8-0E60-41FC-878B-CBED4B2E74AC}.Debug|x86.ActiveCfg = Debug|Any CPU
		{A27C64A8-0E60-41FC-878B-CBED4B2E74AC}.Debug|x86.Build.0 = Debug|Any CPU
		{A27C64A8-0E60-41FC-878B-CBED4B2E74AC}.Release|Any CPU.ActiveCfg = Release|Any CPU
		{A27C64A8-0E60-41FC-878B-CBED4B2E74AC}.Release|Any CPU.Build.0 = Release|Any CPU
		{A27C64A8-0E60-41FC-878B-CBED4B2E74AC}.Release|x64.ActiveCfg = Release|Any CPU
		{A27C64A8-0E60-41FC-878B-CBED4B2E74AC}.Release|x64.Build.0 = Release|Any CPU
		{A27C64A8-0E60-41FC-878B-CBED4B2E74AC}.Release|x86.ActiveCfg = Release|Any CPU
		{A27C64A8-0E60-41FC-878B-CBED4B2E74AC}.Release|x86.Build.0 = Release|Any CPU
		{75954F5A-DCC7-43A0-8DD0-0C37DF369C10}.Debug|Any CPU.ActiveCfg = Debug|Any CPU
		{75954F5A-DCC7-43A0-8DD0-0C37DF369C10}.Debug|Any CPU.Build.0 = Debug|Any CPU
		{75954F5A-DCC7-43A0-8DD0-0C37DF369C10}.Debug|x64.ActiveCfg = Debug|Any CPU
		{75954F5A-DCC7-43A0-8DD0-0C37DF369C10}.Debug|x64.Build.0 = Debug|Any CPU
		{75954F5A-DCC7-43A0-8DD0-0C37DF369C10}.Debug|x86.ActiveCfg = Debug|Any CPU
		{75954F5A-DCC7-43A0-8DD0-0C37DF369C10}.Debug|x86.Build.0 = Debug|Any CPU
		{75954F5A-DCC7-43A0-8DD0-0C37DF369C10}.Release|Any CPU.ActiveCfg = Release|Any CPU
		{75954F5A-DCC7-43A0-8DD0-0C37DF369C10}.Release|Any CPU.Build.0 = Release|Any CPU
		{75954F5A-DCC7-43A0-8DD0-0C37DF369C10}.Release|x64.ActiveCfg = Release|Any CPU
		{75954F5A-DCC7-43A0-8DD0-0C37DF369C10}.Release|x64.Build.0 = Release|Any CPU
		{75954F5A-DCC7-43A0-8DD0-0C37DF369C10}.Release|x86.ActiveCfg = Release|Any CPU
		{75954F5A-DCC7-43A0-8DD0-0C37DF369C10}.Release|x86.Build.0 = Release|Any CPU
		{060FCDE1-C789-414F-8647-CB5A795E19C1}.Debug|Any CPU.ActiveCfg = Debug|Any CPU
		{060FCDE1-C789-414F-8647-CB5A795E19C1}.Debug|Any CPU.Build.0 = Debug|Any CPU
		{060FCDE1-C789-414F-8647-CB5A795E19C1}.Debug|x64.ActiveCfg = Debug|Any CPU
		{060FCDE1-C789-414F-8647-CB5A795E19C1}.Debug|x64.Build.0 = Debug|Any CPU
		{060FCDE1-C789-414F-8647-CB5A795E19C1}.Debug|x86.ActiveCfg = Debug|Any CPU
		{060FCDE1-C789-414F-8647-CB5A795E19C1}.Debug|x86.Build.0 = Debug|Any CPU
		{060FCDE1-C789-414F-8647-CB5A795E19C1}.Release|Any CPU.ActiveCfg = Release|Any CPU
		{060FCDE1-C789-414F-8647-CB5A795E19C1}.Release|Any CPU.Build.0 = Release|Any CPU
		{060FCDE1-C789-414F-8647-CB5A795E19C1}.Release|x64.ActiveCfg = Release|Any CPU
		{060FCDE1-C789-414F-8647-CB5A795E19C1}.Release|x64.Build.0 = Release|Any CPU
		{060FCDE1-C789-414F-8647-CB5A795E19C1}.Release|x86.ActiveCfg = Release|Any CPU
		{060FCDE1-C789-414F-8647-CB5A795E19C1}.Release|x86.Build.0 = Release|Any CPU
	EndGlobalSection
	GlobalSection(SolutionProperties) = preSolution
		HideSolutionNode = FALSE
	EndGlobalSection
	GlobalSection(NestedProjects) = preSolution
		{41CAF172-FA4E-4145-A8A6-25DBD1F6CCD7} = {02EA681E-C7D8-13C7-8484-4AC65E1B71E8}
		{CAC9585F-1FAC-9449-4251-0C7A58D65306} = {41CAF172-FA4E-4145-A8A6-25DBD1F6CCD7}
		{B22B8241-5CC2-57D0-0A74-F587FB86A5A9} = {41CAF172-FA4E-4145-A8A6-25DBD1F6CCD7}
		{D265CD52-7DEF-7A0F-878D-34A4313A6798} = {41CAF172-FA4E-4145-A8A6-25DBD1F6CCD7}
		{5B31C8D4-E923-433F-EE6F-40E3F16F281C} = {41CAF172-FA4E-4145-A8A6-25DBD1F6CCD7}
		{4C9FC073-F848-43DF-BB4C-B02FA9033C2D} = {410FE13F-D41B-4A20-B618-8DDD801E88C8}
		{14A52C9C-0974-C959-1E77-D8B51CC6946A} = {410FE13F-D41B-4A20-B618-8DDD801E88C8}
		{1E26FA8F-CCCD-1AA2-6483-1D8730870DF4} = {02EA681E-C7D8-13C7-8484-4AC65E1B71E8}
		{B165CAB2-DF23-490E-AFDE-13A2A819C71A} = {1E26FA8F-CCCD-1AA2-6483-1D8730870DF4}
		{D16E37B8-5BC2-4ECF-8001-16D5716DA68C} = {1E26FA8F-CCCD-1AA2-6483-1D8730870DF4}
		{0859D1DE-DAD0-49B2-A041-16735F50D41B} = {1E26FA8F-CCCD-1AA2-6483-1D8730870DF4}
		{96A1DEA2-9659-4E74-9E07-C01B9208091E} = {1E26FA8F-CCCD-1AA2-6483-1D8730870DF4}
		{026CE197-C26E-4018-9473-64FABDE74440} = {1E26FA8F-CCCD-1AA2-6483-1D8730870DF4}
		{BDD16EED-C79B-195F-374B-2FF4FB271076} = {410FE13F-D41B-4A20-B618-8DDD801E88C8}
		{74393F0D-5AC1-48ED-9310-EB74CA6099E4} = {BDD16EED-C79B-195F-374B-2FF4FB271076}
		{672574E7-6EFB-4A8D-B92F-ABEBD3FB34E7} = {BDD16EED-C79B-195F-374B-2FF4FB271076}
		{A8EEB5E6-B781-4D17-8A49-26355D5D14EC} = {BDD16EED-C79B-195F-374B-2FF4FB271076}
		{A27C64A8-0E60-41FC-878B-CBED4B2E74AC} = {410FE13F-D41B-4A20-B618-8DDD801E88C8}
		{75954F5A-DCC7-43A0-8DD0-0C37DF369C10} = {410FE13F-D41B-4A20-B618-8DDD801E88C8}
		{060FCDE1-C789-414F-8647-CB5A795E19C1} = {410FE13F-D41B-4A20-B618-8DDD801E88C8}
	EndGlobalSection
	GlobalSection(ExtensibilityGlobals) = postSolution
		SolutionGuid = {6DBC3FBE-F0EB-451F-9D37-C97CE4DB1060}
	EndGlobalSection
EndGlobal
