
Microsoft Visual Studio Solution File, Format Version 12.00
# Visual Studio Version 17
VisualStudioVersion = 17.12.35527.113
MinimumVisualStudioVersion = 10.0.40219.1
Project("{FAE04EC0-301F-11D3-BF4B-00C04F79EFBC}") = "RemoteFactory", "RemoteFactory\RemoteFactory.csproj", "{0FDFDD27-3313-4BBC-9963-C2B55D4F356F}"
EndProject
Project("{2150E333-8FDC-42A3-9474-1A3956D46DE8}") = "Solution Items", "Solution Items", "{B78547F0-E7BA-49ED-8923-05B95784D8DF}"
	ProjectSection(SolutionItems) = preProject
		.editorconfig = .editorconfig
		Directory.Build.props = Directory.Build.props
		Directory.Packages.props = Directory.Packages.props
	EndProjectSection
EndProject
Project("{2150E333-8FDC-42A3-9474-1A3956D46DE8}") = "Tests", "Tests", "{410FE13F-D41B-4A20-B618-8DDD801E88C8}"
EndProject
Project("{FAE04EC0-301F-11D3-BF4B-00C04F79EFBC}") = "RemoteFactory.FactoryGenerator", "RemoteFactory.FactoryGenerator\RemoteFactory.FactoryGenerator.csproj", "{22D7CF99-87EF-49BB-8CE5-2AF8D5421BB7}"
EndProject
Project("{FAE04EC0-301F-11D3-BF4B-00C04F79EFBC}") = "FactoryGeneratorTests", "Tests\FactoryGeneratorTests\FactoryGeneratorTests.csproj", "{8A9673ED-2033-8C41-DC3B-98C687CA7008}"
EndProject
Global
	GlobalSection(SolutionConfigurationPlatforms) = preSolution
		Debug|Any CPU = Debug|Any CPU
		Release|Any CPU = Release|Any CPU
	EndGlobalSection
	GlobalSection(ProjectConfigurationPlatforms) = postSolution
		{0FDFDD27-3313-4BBC-9963-C2B55D4F356F}.Debug|Any CPU.ActiveCfg = Debug|Any CPU
		{0FDFDD27-3313-4BBC-9963-C2B55D4F356F}.Debug|Any CPU.Build.0 = Debug|Any CPU
		{0FDFDD27-3313-4BBC-9963-C2B55D4F356F}.Release|Any CPU.ActiveCfg = Release|Any CPU
		{0FDFDD27-3313-4BBC-9963-C2B55D4F356F}.Release|Any CPU.Build.0 = Release|Any CPU
		{22D7CF99-87EF-49BB-8CE5-2AF8D5421BB7}.Debug|Any CPU.ActiveCfg = Debug|Any CPU
		{22D7CF99-87EF-49BB-8CE5-2AF8D5421BB7}.Debug|Any CPU.Build.0 = Debug|Any CPU
		{22D7CF99-87EF-49BB-8CE5-2AF8D5421BB7}.Release|Any CPU.ActiveCfg = Release|Any CPU
		{22D7CF99-87EF-49BB-8CE5-2AF8D5421BB7}.Release|Any CPU.Build.0 = Release|Any CPU
		{8A9673ED-2033-8C41-DC3B-98C687CA7008}.Debug|Any CPU.ActiveCfg = Debug|Any CPU
		{8A9673ED-2033-8C41-DC3B-98C687CA7008}.Debug|Any CPU.Build.0 = Debug|Any CPU
		{8A9673ED-2033-8C41-DC3B-98C687CA7008}.Release|Any CPU.ActiveCfg = Release|Any CPU
		{8A9673ED-2033-8C41-DC3B-98C687CA7008}.Release|Any CPU.Build.0 = Release|Any CPU
	EndGlobalSection
	GlobalSection(SolutionProperties) = preSolution
		HideSolutionNode = FALSE
	EndGlobalSection
	GlobalSection(NestedProjects) = preSolution
		{8A9673ED-2033-8C41-DC3B-98C687CA7008} = {410FE13F-D41B-4A20-B618-8DDD801E88C8}
	EndGlobalSection
	GlobalSection(ExtensibilityGlobals) = postSolution
		SolutionGuid = {6DBC3FBE-F0EB-451F-9D37-C97CE4DB1060}
	EndGlobalSection
EndGlobal
